// !$*UTF8*$!
{
	archiveVersion = 1;
	classes = {
	};
	objectVersion = 55;
	objects = {

/* Begin PBXBuildFile section */
		2B29BCAD27626B55007E54DE /* Day09.swift in Sources */ = {isa = PBXBuildFile; fileRef = 2B29BCAC27626B55007E54DE /* Day09.swift */; };
		2B29BCAF27626B66007E54DE /* Day09Input.swift in Sources */ = {isa = PBXBuildFile; fileRef = 2B29BCAE27626B66007E54DE /* Day09Input.swift */; };
		2B29BCB227626B87007E54DE /* SmokeBasin.swift in Sources */ = {isa = PBXBuildFile; fileRef = 2B29BCB127626B87007E54DE /* SmokeBasin.swift */; };
		2B29BCB727634B18007E54DE /* Dau10Input.swift in Sources */ = {isa = PBXBuildFile; fileRef = 2B29BCB627634B18007E54DE /* Dau10Input.swift */; };
		2B29BCB927634B20007E54DE /* Day10.swift in Sources */ = {isa = PBXBuildFile; fileRef = 2B29BCB827634B20007E54DE /* Day10.swift */; };
		2B29BCBC2763502C007E54DE /* SyntaxScoring.swift in Sources */ = {isa = PBXBuildFile; fileRef = 2B29BCBB2763502C007E54DE /* SyntaxScoring.swift */; };
		2B34FB6C2759322C00CEA639 /* Day2.swift in Sources */ = {isa = PBXBuildFile; fileRef = 2B34FB6B2759322C00CEA639 /* Day2.swift */; };
		2B34FB6E2759323600CEA639 /* InputDay2.swift in Sources */ = {isa = PBXBuildFile; fileRef = 2B34FB6D2759323600CEA639 /* InputDay2.swift */; };
		2B34FB702759326000CEA639 /* Dive.swift in Sources */ = {isa = PBXBuildFile; fileRef = 2B34FB6F2759326000CEA639 /* Dive.swift */; };
		2B34FB73275A529B00CEA639 /* BinaryDiagnostic.swift in Sources */ = {isa = PBXBuildFile; fileRef = 2B34FB72275A529B00CEA639 /* BinaryDiagnostic.swift */; };
		2B34FB76275A52CB00CEA639 /* Day3.swift in Sources */ = {isa = PBXBuildFile; fileRef = 2B34FB75275A52CB00CEA639 /* Day3.swift */; };
		2B34FB78275A52E200CEA639 /* InputDay3.swift in Sources */ = {isa = PBXBuildFile; fileRef = 2B34FB77275A52E200CEA639 /* InputDay3.swift */; };
		2B34FB7B275A777100CEA639 /* String+Subscript.swift in Sources */ = {isa = PBXBuildFile; fileRef = 2B34FB7A275A777100CEA639 /* String+Subscript.swift */; };
		2B34FB7D275A7E2300CEA639 /* PowerConsumption.swift in Sources */ = {isa = PBXBuildFile; fileRef = 2B34FB7C275A7E2300CEA639 /* PowerConsumption.swift */; };
		2B34FB7F275A7EDF00CEA639 /* LifeSupport.swift in Sources */ = {isa = PBXBuildFile; fileRef = 2B34FB7E275A7EDF00CEA639 /* LifeSupport.swift */; };
		2B34FB84275B454900CEA639 /* InputDay4.swift in Sources */ = {isa = PBXBuildFile; fileRef = 2B34FB83275B454900CEA639 /* InputDay4.swift */; };
		2B34FB87275B45A200CEA639 /* GiantSquid.swift in Sources */ = {isa = PBXBuildFile; fileRef = 2B34FB86275B45A200CEA639 /* GiantSquid.swift */; };
		2B34FB89275B524300CEA639 /* Day4.swift in Sources */ = {isa = PBXBuildFile; fileRef = 2B34FB88275B524300CEA639 /* Day4.swift */; };
		2B6862A2275F6C2600487B15 /* Day7Input.swift in Sources */ = {isa = PBXBuildFile; fileRef = 2B6862A1275F6C2600487B15 /* Day7Input.swift */; };
		2B6862A5275F6C8F00487B15 /* TheTreacheryOfWhales.swift in Sources */ = {isa = PBXBuildFile; fileRef = 2B6862A4275F6C8F00487B15 /* TheTreacheryOfWhales.swift */; };
		2B6862A7275F6D8300487B15 /* Day07.swift in Sources */ = {isa = PBXBuildFile; fileRef = 2B6862A6275F6D8300487B15 /* Day07.swift */; };
		2B77157C2761010A00014580 /* SevenSegmentSearch.swift in Sources */ = {isa = PBXBuildFile; fileRef = 2B77157B2761010A00014580 /* SevenSegmentSearch.swift */; };
		2B77157E2761014B00014580 /* Day08.swift in Sources */ = {isa = PBXBuildFile; fileRef = 2B77157D2761014B00014580 /* Day08.swift */; };
		2B7715802761017E00014580 /* Day08Input.swift in Sources */ = {isa = PBXBuildFile; fileRef = 2B77157F2761017E00014580 /* Day08Input.swift */; };
		2B9895CA2757D5260050B02A /* AdventOfCode2021App.swift in Sources */ = {isa = PBXBuildFile; fileRef = 2B9895C92757D5260050B02A /* AdventOfCode2021App.swift */; };
		2B9895CC2757D5260050B02A /* ContentView.swift in Sources */ = {isa = PBXBuildFile; fileRef = 2B9895CB2757D5260050B02A /* ContentView.swift */; };
		2B9895CE2757D5270050B02A /* Assets.xcassets in Resources */ = {isa = PBXBuildFile; fileRef = 2B9895CD2757D5270050B02A /* Assets.xcassets */; };
		2B9895D12757D5270050B02A /* Preview Assets.xcassets in Resources */ = {isa = PBXBuildFile; fileRef = 2B9895D02757D5270050B02A /* Preview Assets.xcassets */; };
		2B9895DB2757D5270050B02A /* Day1.swift in Sources */ = {isa = PBXBuildFile; fileRef = 2B9895DA2757D5270050B02A /* Day1.swift */; };
		2B9895F62757D67C0050B02A /* InputDay1.swift in Sources */ = {isa = PBXBuildFile; fileRef = 2B9895F52757D67C0050B02A /* InputDay1.swift */; };
		2B9895FA2757D6E50050B02A /* SonarSweep.swift in Sources */ = {isa = PBXBuildFile; fileRef = 2B9895F92757D6E50050B02A /* SonarSweep.swift */; };
		2BA8EF38275C9A550001D393 /* Day05.swift in Sources */ = {isa = PBXBuildFile; fileRef = 2BA8EF37275C9A550001D393 /* Day05.swift */; };
		2BA8EF3A275C9A760001D393 /* Day05Input.swift in Sources */ = {isa = PBXBuildFile; fileRef = 2BA8EF39275C9A760001D393 /* Day05Input.swift */; };
		2BA8EF3D275C9AC50001D393 /* HydrothermalVenture.swift in Sources */ = {isa = PBXBuildFile; fileRef = 2BA8EF3C275C9AC50001D393 /* HydrothermalVenture.swift */; };
		2BA8EF42275DE11F0001D393 /* Lanternfish.swift in Sources */ = {isa = PBXBuildFile; fileRef = 2BA8EF41275DE11F0001D393 /* Lanternfish.swift */; };
		2BA8EF45275DE5670001D393 /* Day6.swift in Sources */ = {isa = PBXBuildFile; fileRef = 2BA8EF44275DE5670001D393 /* Day6.swift */; };
		2BA8EF47275DE5730001D393 /* Day6Input.swift in Sources */ = {isa = PBXBuildFile; fileRef = 2BA8EF46275DE5730001D393 /* Day6Input.swift */; };
		2BF3B1652764D0C5005680FD /* Day11Input.swift in Sources */ = {isa = PBXBuildFile; fileRef = 2BF3B1642764D0C5005680FD /* Day11Input.swift */; };
		2BF3B1682764D0F5005680FD /* DumboOctopus.swift in Sources */ = {isa = PBXBuildFile; fileRef = 2BF3B1672764D0F5005680FD /* DumboOctopus.swift */; };
		2BF3B16A2764D125005680FD /* Day11.swift in Sources */ = {isa = PBXBuildFile; fileRef = 2BF3B1692764D125005680FD /* Day11.swift */; };
/* End PBXBuildFile section */

/* Begin PBXContainerItemProxy section */
		2B9895D72757D5270050B02A /* PBXContainerItemProxy */ = {
			isa = PBXContainerItemProxy;
			containerPortal = 2B9895BE2757D5260050B02A /* Project object */;
			proxyType = 1;
			remoteGlobalIDString = 2B9895C52757D5260050B02A;
			remoteInfo = AdventOfCode2021;
		};
/* End PBXContainerItemProxy section */

/* Begin PBXFileReference section */
		2B29BCAC27626B55007E54DE /* Day09.swift */ = {isa = PBXFileReference; lastKnownFileType = sourcecode.swift; path = Day09.swift; sourceTree = "<group>"; };
		2B29BCAE27626B66007E54DE /* Day09Input.swift */ = {isa = PBXFileReference; lastKnownFileType = sourcecode.swift; path = Day09Input.swift; sourceTree = "<group>"; };
		2B29BCB127626B87007E54DE /* SmokeBasin.swift */ = {isa = PBXFileReference; lastKnownFileType = sourcecode.swift; path = SmokeBasin.swift; sourceTree = "<group>"; };
		2B29BCB627634B18007E54DE /* Dau10Input.swift */ = {isa = PBXFileReference; lastKnownFileType = sourcecode.swift; path = Dau10Input.swift; sourceTree = "<group>"; };
		2B29BCB827634B20007E54DE /* Day10.swift */ = {isa = PBXFileReference; lastKnownFileType = sourcecode.swift; path = Day10.swift; sourceTree = "<group>"; };
		2B29BCBB2763502C007E54DE /* SyntaxScoring.swift */ = {isa = PBXFileReference; lastKnownFileType = sourcecode.swift; path = SyntaxScoring.swift; sourceTree = "<group>"; };
		2B34FB6B2759322C00CEA639 /* Day2.swift */ = {isa = PBXFileReference; lastKnownFileType = sourcecode.swift; path = Day2.swift; sourceTree = "<group>"; };
		2B34FB6D2759323600CEA639 /* InputDay2.swift */ = {isa = PBXFileReference; lastKnownFileType = sourcecode.swift; path = InputDay2.swift; sourceTree = "<group>"; };
		2B34FB6F2759326000CEA639 /* Dive.swift */ = {isa = PBXFileReference; lastKnownFileType = sourcecode.swift; path = Dive.swift; sourceTree = "<group>"; };
		2B34FB72275A529B00CEA639 /* BinaryDiagnostic.swift */ = {isa = PBXFileReference; lastKnownFileType = sourcecode.swift; path = BinaryDiagnostic.swift; sourceTree = "<group>"; };
		2B34FB75275A52CB00CEA639 /* Day3.swift */ = {isa = PBXFileReference; lastKnownFileType = sourcecode.swift; path = Day3.swift; sourceTree = "<group>"; };
		2B34FB77275A52E200CEA639 /* InputDay3.swift */ = {isa = PBXFileReference; lastKnownFileType = sourcecode.swift; path = InputDay3.swift; sourceTree = "<group>"; };
		2B34FB7A275A777100CEA639 /* String+Subscript.swift */ = {isa = PBXFileReference; lastKnownFileType = sourcecode.swift; path = "String+Subscript.swift"; sourceTree = "<group>"; };
		2B34FB7C275A7E2300CEA639 /* PowerConsumption.swift */ = {isa = PBXFileReference; lastKnownFileType = sourcecode.swift; path = PowerConsumption.swift; sourceTree = "<group>"; };
		2B34FB7E275A7EDF00CEA639 /* LifeSupport.swift */ = {isa = PBXFileReference; lastKnownFileType = sourcecode.swift; path = LifeSupport.swift; sourceTree = "<group>"; };
		2B34FB83275B454900CEA639 /* InputDay4.swift */ = {isa = PBXFileReference; lastKnownFileType = sourcecode.swift; path = InputDay4.swift; sourceTree = "<group>"; };
		2B34FB86275B45A200CEA639 /* GiantSquid.swift */ = {isa = PBXFileReference; lastKnownFileType = sourcecode.swift; path = GiantSquid.swift; sourceTree = "<group>"; };
		2B34FB88275B524300CEA639 /* Day4.swift */ = {isa = PBXFileReference; lastKnownFileType = sourcecode.swift; path = Day4.swift; sourceTree = "<group>"; };
		2B6862A1275F6C2600487B15 /* Day7Input.swift */ = {isa = PBXFileReference; lastKnownFileType = sourcecode.swift; path = Day7Input.swift; sourceTree = "<group>"; };
		2B6862A4275F6C8F00487B15 /* TheTreacheryOfWhales.swift */ = {isa = PBXFileReference; lastKnownFileType = sourcecode.swift; path = TheTreacheryOfWhales.swift; sourceTree = "<group>"; };
		2B6862A6275F6D8300487B15 /* Day07.swift */ = {isa = PBXFileReference; lastKnownFileType = sourcecode.swift; path = Day07.swift; sourceTree = "<group>"; };
		2B77157B2761010A00014580 /* SevenSegmentSearch.swift */ = {isa = PBXFileReference; lastKnownFileType = sourcecode.swift; path = SevenSegmentSearch.swift; sourceTree = "<group>"; };
		2B77157D2761014B00014580 /* Day08.swift */ = {isa = PBXFileReference; lastKnownFileType = sourcecode.swift; path = Day08.swift; sourceTree = "<group>"; };
		2B77157F2761017E00014580 /* Day08Input.swift */ = {isa = PBXFileReference; lastKnownFileType = sourcecode.swift; path = Day08Input.swift; sourceTree = "<group>"; };
		2B9895C62757D5260050B02A /* AdventOfCode2021.app */ = {isa = PBXFileReference; explicitFileType = wrapper.application; includeInIndex = 0; path = AdventOfCode2021.app; sourceTree = BUILT_PRODUCTS_DIR; };
		2B9895C92757D5260050B02A /* AdventOfCode2021App.swift */ = {isa = PBXFileReference; lastKnownFileType = sourcecode.swift; path = AdventOfCode2021App.swift; sourceTree = "<group>"; };
		2B9895CB2757D5260050B02A /* ContentView.swift */ = {isa = PBXFileReference; lastKnownFileType = sourcecode.swift; path = ContentView.swift; sourceTree = "<group>"; };
		2B9895CD2757D5270050B02A /* Assets.xcassets */ = {isa = PBXFileReference; lastKnownFileType = folder.assetcatalog; path = Assets.xcassets; sourceTree = "<group>"; };
		2B9895D02757D5270050B02A /* Preview Assets.xcassets */ = {isa = PBXFileReference; lastKnownFileType = folder.assetcatalog; path = "Preview Assets.xcassets"; sourceTree = "<group>"; };
		2B9895D62757D5270050B02A /* AdventOfCode2021Tests.xctest */ = {isa = PBXFileReference; explicitFileType = wrapper.cfbundle; includeInIndex = 0; path = AdventOfCode2021Tests.xctest; sourceTree = BUILT_PRODUCTS_DIR; };
		2B9895DA2757D5270050B02A /* Day1.swift */ = {isa = PBXFileReference; lastKnownFileType = sourcecode.swift; path = Day1.swift; sourceTree = "<group>"; };
		2B9895F52757D67C0050B02A /* InputDay1.swift */ = {isa = PBXFileReference; lastKnownFileType = sourcecode.swift; path = InputDay1.swift; sourceTree = "<group>"; };
		2B9895F92757D6E50050B02A /* SonarSweep.swift */ = {isa = PBXFileReference; lastKnownFileType = sourcecode.swift; path = SonarSweep.swift; sourceTree = "<group>"; };
		2BA8EF37275C9A550001D393 /* Day05.swift */ = {isa = PBXFileReference; lastKnownFileType = sourcecode.swift; path = Day05.swift; sourceTree = "<group>"; };
		2BA8EF39275C9A760001D393 /* Day05Input.swift */ = {isa = PBXFileReference; lastKnownFileType = sourcecode.swift; path = Day05Input.swift; sourceTree = "<group>"; };
		2BA8EF3C275C9AC50001D393 /* HydrothermalVenture.swift */ = {isa = PBXFileReference; lastKnownFileType = sourcecode.swift; path = HydrothermalVenture.swift; sourceTree = "<group>"; };
		2BA8EF41275DE11F0001D393 /* Lanternfish.swift */ = {isa = PBXFileReference; lastKnownFileType = sourcecode.swift; path = Lanternfish.swift; sourceTree = "<group>"; };
		2BA8EF44275DE5670001D393 /* Day6.swift */ = {isa = PBXFileReference; lastKnownFileType = sourcecode.swift; path = Day6.swift; sourceTree = "<group>"; };
		2BA8EF46275DE5730001D393 /* Day6Input.swift */ = {isa = PBXFileReference; lastKnownFileType = sourcecode.swift; path = Day6Input.swift; sourceTree = "<group>"; };
		2BF3B1642764D0C5005680FD /* Day11Input.swift */ = {isa = PBXFileReference; lastKnownFileType = sourcecode.swift; path = Day11Input.swift; sourceTree = "<group>"; };
		2BF3B1672764D0F5005680FD /* DumboOctopus.swift */ = {isa = PBXFileReference; lastKnownFileType = sourcecode.swift; path = DumboOctopus.swift; sourceTree = "<group>"; };
		2BF3B1692764D125005680FD /* Day11.swift */ = {isa = PBXFileReference; lastKnownFileType = sourcecode.swift; path = Day11.swift; sourceTree = "<group>"; };
/* End PBXFileReference section */

/* Begin PBXFrameworksBuildPhase section */
		2B9895C32757D5260050B02A /* Frameworks */ = {
			isa = PBXFrameworksBuildPhase;
			buildActionMask = 2147483647;
			files = (
			);
			runOnlyForDeploymentPostprocessing = 0;
		};
		2B9895D32757D5270050B02A /* Frameworks */ = {
			isa = PBXFrameworksBuildPhase;
			buildActionMask = 2147483647;
			files = (
			);
			runOnlyForDeploymentPostprocessing = 0;
		};
/* End PBXFrameworksBuildPhase section */

/* Begin PBXGroup section */
		2B29BCAB27626B45007E54DE /* Day09 */ = {
			isa = PBXGroup;
			children = (
				2B29BCAC27626B55007E54DE /* Day09.swift */,
				2B29BCAE27626B66007E54DE /* Day09Input.swift */,
			);
			path = Day09;
			sourceTree = "<group>";
		};
		2B29BCB027626B76007E54DE /* Day09 */ = {
			isa = PBXGroup;
			children = (
				2B29BCB127626B87007E54DE /* SmokeBasin.swift */,
			);
			path = Day09;
			sourceTree = "<group>";
		};
		2B29BCB427634B01007E54DE /* Day10 */ = {
			isa = PBXGroup;
			children = (
				2B29BCB827634B20007E54DE /* Day10.swift */,
				2B29BCB627634B18007E54DE /* Dau10Input.swift */,
			);
			path = Day10;
			sourceTree = "<group>";
		};
		2B29BCBA2763500D007E54DE /* Day10 */ = {
			isa = PBXGroup;
			children = (
				2B29BCBB2763502C007E54DE /* SyntaxScoring.swift */,
			);
			path = Day10;
			sourceTree = "<group>";
		};
		2B34FB692759321400CEA639 /* Day02 */ = {
			isa = PBXGroup;
			children = (
				2B34FB6F2759326000CEA639 /* Dive.swift */,
			);
			path = Day02;
			sourceTree = "<group>";
		};
		2B34FB6A2759321D00CEA639 /* Day02 */ = {
			isa = PBXGroup;
			children = (
				2B34FB6B2759322C00CEA639 /* Day2.swift */,
				2B34FB6D2759323600CEA639 /* InputDay2.swift */,
			);
			path = Day02;
			sourceTree = "<group>";
		};
		2B34FB71275A528000CEA639 /* Day03 */ = {
			isa = PBXGroup;
			children = (
				2B34FB72275A529B00CEA639 /* BinaryDiagnostic.swift */,
				2B34FB7C275A7E2300CEA639 /* PowerConsumption.swift */,
				2B34FB7E275A7EDF00CEA639 /* LifeSupport.swift */,
			);
			path = Day03;
			sourceTree = "<group>";
		};
		2B34FB74275A52B800CEA639 /* Day03 */ = {
			isa = PBXGroup;
			children = (
				2B34FB75275A52CB00CEA639 /* Day3.swift */,
				2B34FB77275A52E200CEA639 /* InputDay3.swift */,
			);
			path = Day03;
			sourceTree = "<group>";
		};
		2B34FB79275A776700CEA639 /* Utils */ = {
			isa = PBXGroup;
			children = (
				2B34FB7A275A777100CEA639 /* String+Subscript.swift */,
			);
			path = Utils;
			sourceTree = "<group>";
		};
		2B34FB80275B452400CEA639 /* Day04 */ = {
			isa = PBXGroup;
			children = (
				2B34FB88275B524300CEA639 /* Day4.swift */,
				2B34FB83275B454900CEA639 /* InputDay4.swift */,
			);
			path = Day04;
			sourceTree = "<group>";
		};
		2B34FB85275B458100CEA639 /* Day04 */ = {
			isa = PBXGroup;
			children = (
				2B34FB86275B45A200CEA639 /* GiantSquid.swift */,
			);
			path = Day04;
			sourceTree = "<group>";
		};
		2B6862A0275F6C1A00487B15 /* Day07 */ = {
			isa = PBXGroup;
			children = (
				2B6862A6275F6D8300487B15 /* Day07.swift */,
				2B6862A1275F6C2600487B15 /* Day7Input.swift */,
			);
			path = Day07;
			sourceTree = "<group>";
		};
		2B6862A3275F6C7200487B15 /* Day07 */ = {
			isa = PBXGroup;
			children = (
				2B6862A4275F6C8F00487B15 /* TheTreacheryOfWhales.swift */,
			);
			path = Day07;
			sourceTree = "<group>";
		};
		2B7715792760F74100014580 /* Day08 */ = {
			isa = PBXGroup;
			children = (
				2B77157B2761010A00014580 /* SevenSegmentSearch.swift */,
			);
			path = Day08;
			sourceTree = "<group>";
		};
		2B77157A2760F76800014580 /* Day08 */ = {
			isa = PBXGroup;
			children = (
				2B77157D2761014B00014580 /* Day08.swift */,
				2B77157F2761017E00014580 /* Day08Input.swift */,
			);
			path = Day08;
			sourceTree = "<group>";
		};
		2B9895BD2757D5260050B02A = {
			isa = PBXGroup;
			children = (
				2B9895C82757D5260050B02A /* AdventOfCode2021 */,
				2B9895D92757D5270050B02A /* AdventOfCode2021Tests */,
				2B9895C72757D5260050B02A /* Products */,
			);
			sourceTree = "<group>";
		};
		2B9895C72757D5260050B02A /* Products */ = {
			isa = PBXGroup;
			children = (
				2B9895C62757D5260050B02A /* AdventOfCode2021.app */,
				2B9895D62757D5270050B02A /* AdventOfCode2021Tests.xctest */,
			);
			name = Products;
			sourceTree = "<group>";
		};
		2B9895C82757D5260050B02A /* AdventOfCode2021 */ = {
			isa = PBXGroup;
			children = (
				2B9895C92757D5260050B02A /* AdventOfCode2021App.swift */,
				2B9895CB2757D5260050B02A /* ContentView.swift */,
				2B34FB79275A776700CEA639 /* Utils */,
				2B9895F82757D6C40050B02A /* Day01 */,
				2B34FB692759321400CEA639 /* Day02 */,
				2B34FB71275A528000CEA639 /* Day03 */,
				2B34FB85275B458100CEA639 /* Day04 */,
				2BA8EF3B275C9A9C0001D393 /* Day05 */,
				2BA8EF40275DE0D80001D393 /* Day06 */,
				2B6862A3275F6C7200487B15 /* Day07 */,
				2B7715792760F74100014580 /* Day08 */,
				2B29BCB027626B76007E54DE /* Day09 */,
				2B29BCBA2763500D007E54DE /* Day10 */,
				2BF3B1662764D0E3005680FD /* Day11 */,
				2B9895CD2757D5270050B02A /* Assets.xcassets */,
				2B9895CF2757D5270050B02A /* Preview Content */,
			);
			path = AdventOfCode2021;
			sourceTree = "<group>";
		};
		2B9895CF2757D5270050B02A /* Preview Content */ = {
			isa = PBXGroup;
			children = (
				2B9895D02757D5270050B02A /* Preview Assets.xcassets */,
			);
			path = "Preview Content";
			sourceTree = "<group>";
		};
		2B9895D92757D5270050B02A /* AdventOfCode2021Tests */ = {
			isa = PBXGroup;
			children = (
				2B9895F72757D67F0050B02A /* Day01 */,
				2B34FB6A2759321D00CEA639 /* Day02 */,
				2B34FB74275A52B800CEA639 /* Day03 */,
				2B34FB80275B452400CEA639 /* Day04 */,
				2BA8EF36275C9A360001D393 /* Day05 */,
				2BA8EF43275DE5590001D393 /* Day06 */,
				2B6862A0275F6C1A00487B15 /* Day07 */,
				2B77157A2760F76800014580 /* Day08 */,
				2B29BCAB27626B45007E54DE /* Day09 */,
				2B29BCB427634B01007E54DE /* Day10 */,
				2BF3B1632764D0B5005680FD /* Day11 */,
			);
			path = AdventOfCode2021Tests;
			sourceTree = "<group>";
		};
		2B9895F72757D67F0050B02A /* Day01 */ = {
			isa = PBXGroup;
			children = (
				2B9895DA2757D5270050B02A /* Day1.swift */,
				2B9895F52757D67C0050B02A /* InputDay1.swift */,
			);
			path = Day01;
			sourceTree = "<group>";
		};
		2B9895F82757D6C40050B02A /* Day01 */ = {
			isa = PBXGroup;
			children = (
				2B9895F92757D6E50050B02A /* SonarSweep.swift */,
			);
			path = Day01;
			sourceTree = "<group>";
		};
		2BA8EF36275C9A360001D393 /* Day05 */ = {
			isa = PBXGroup;
			children = (
				2BA8EF37275C9A550001D393 /* Day05.swift */,
				2BA8EF39275C9A760001D393 /* Day05Input.swift */,
			);
			path = Day05;
			sourceTree = "<group>";
		};
		2BA8EF3B275C9A9C0001D393 /* Day05 */ = {
			isa = PBXGroup;
			children = (
				2BA8EF3C275C9AC50001D393 /* HydrothermalVenture.swift */,
			);
			path = Day05;
			sourceTree = "<group>";
		};
		2BA8EF40275DE0D80001D393 /* Day06 */ = {
			isa = PBXGroup;
			children = (
				2BA8EF41275DE11F0001D393 /* Lanternfish.swift */,
			);
			path = Day06;
			sourceTree = "<group>";
		};
		2BA8EF43275DE5590001D393 /* Day06 */ = {
			isa = PBXGroup;
			children = (
				2BA8EF44275DE5670001D393 /* Day6.swift */,
				2BA8EF46275DE5730001D393 /* Day6Input.swift */,
			);
			path = Day06;
			sourceTree = "<group>";
		};
		2BF3B1632764D0B5005680FD /* Day11 */ = {
			isa = PBXGroup;
			children = (
				2BF3B1692764D125005680FD /* Day11.swift */,
				2BF3B1642764D0C5005680FD /* Day11Input.swift */,
			);
			path = Day11;
			sourceTree = "<group>";
		};
		2BF3B1662764D0E3005680FD /* Day11 */ = {
			isa = PBXGroup;
			children = (
				2BF3B1672764D0F5005680FD /* DumboOctopus.swift */,
			);
			path = Day11;
			sourceTree = "<group>";
		};
/* End PBXGroup section */

/* Begin PBXNativeTarget section */
		2B9895C52757D5260050B02A /* AdventOfCode2021 */ = {
			isa = PBXNativeTarget;
			buildConfigurationList = 2B9895EA2757D5270050B02A /* Build configuration list for PBXNativeTarget "AdventOfCode2021" */;
			buildPhases = (
				2B9895C22757D5260050B02A /* Sources */,
				2B9895C32757D5260050B02A /* Frameworks */,
				2B9895C42757D5260050B02A /* Resources */,
			);
			buildRules = (
			);
			dependencies = (
			);
			name = AdventOfCode2021;
			productName = AdventOfCode2021;
			productReference = 2B9895C62757D5260050B02A /* AdventOfCode2021.app */;
			productType = "com.apple.product-type.application";
		};
		2B9895D52757D5270050B02A /* AdventOfCode2021Tests */ = {
			isa = PBXNativeTarget;
			buildConfigurationList = 2B9895ED2757D5270050B02A /* Build configuration list for PBXNativeTarget "AdventOfCode2021Tests" */;
			buildPhases = (
				2B9895D22757D5270050B02A /* Sources */,
				2B9895D32757D5270050B02A /* Frameworks */,
				2B9895D42757D5270050B02A /* Resources */,
			);
			buildRules = (
			);
			dependencies = (
				2B9895D82757D5270050B02A /* PBXTargetDependency */,
			);
			name = AdventOfCode2021Tests;
			productName = AdventOfCode2021Tests;
			productReference = 2B9895D62757D5270050B02A /* AdventOfCode2021Tests.xctest */;
			productType = "com.apple.product-type.bundle.unit-test";
		};
/* End PBXNativeTarget section */

/* Begin PBXProject section */
		2B9895BE2757D5260050B02A /* Project object */ = {
			isa = PBXProject;
			attributes = {
				BuildIndependentTargetsInParallel = 1;
				LastSwiftUpdateCheck = 1310;
				LastUpgradeCheck = 1310;
				TargetAttributes = {
					2B9895C52757D5260050B02A = {
						CreatedOnToolsVersion = 13.1;
					};
					2B9895D52757D5270050B02A = {
						CreatedOnToolsVersion = 13.1;
						TestTargetID = 2B9895C52757D5260050B02A;
					};
				};
			};
			buildConfigurationList = 2B9895C12757D5260050B02A /* Build configuration list for PBXProject "AdventOfCode2021" */;
			compatibilityVersion = "Xcode 13.0";
			developmentRegion = en;
			hasScannedForEncodings = 0;
			knownRegions = (
				en,
				Base,
			);
			mainGroup = 2B9895BD2757D5260050B02A;
			productRefGroup = 2B9895C72757D5260050B02A /* Products */;
			projectDirPath = "";
			projectRoot = "";
			targets = (
				2B9895C52757D5260050B02A /* AdventOfCode2021 */,
				2B9895D52757D5270050B02A /* AdventOfCode2021Tests */,
			);
		};
/* End PBXProject section */

/* Begin PBXResourcesBuildPhase section */
		2B9895C42757D5260050B02A /* Resources */ = {
			isa = PBXResourcesBuildPhase;
			buildActionMask = 2147483647;
			files = (
				2B9895D12757D5270050B02A /* Preview Assets.xcassets in Resources */,
				2B9895CE2757D5270050B02A /* Assets.xcassets in Resources */,
			);
			runOnlyForDeploymentPostprocessing = 0;
		};
		2B9895D42757D5270050B02A /* Resources */ = {
			isa = PBXResourcesBuildPhase;
			buildActionMask = 2147483647;
			files = (
			);
			runOnlyForDeploymentPostprocessing = 0;
		};
/* End PBXResourcesBuildPhase section */

/* Begin PBXSourcesBuildPhase section */
		2B9895C22757D5260050B02A /* Sources */ = {
			isa = PBXSourcesBuildPhase;
			buildActionMask = 2147483647;
			files = (
				2B34FB7B275A777100CEA639 /* String+Subscript.swift in Sources */,
				2BF3B1682764D0F5005680FD /* DumboOctopus.swift in Sources */,
				2B34FB87275B45A200CEA639 /* GiantSquid.swift in Sources */,
				2B34FB7F275A7EDF00CEA639 /* LifeSupport.swift in Sources */,
				2B77157C2761010A00014580 /* SevenSegmentSearch.swift in Sources */,
				2B9895FA2757D6E50050B02A /* SonarSweep.swift in Sources */,
				2B34FB702759326000CEA639 /* Dive.swift in Sources */,
				2B34FB7D275A7E2300CEA639 /* PowerConsumption.swift in Sources */,
				2B6862A5275F6C8F00487B15 /* TheTreacheryOfWhales.swift in Sources */,
				2BA8EF3D275C9AC50001D393 /* HydrothermalVenture.swift in Sources */,
				2B29BCB227626B87007E54DE /* SmokeBasin.swift in Sources */,
				2B29BCBC2763502C007E54DE /* SyntaxScoring.swift in Sources */,
				2B9895CC2757D5260050B02A /* ContentView.swift in Sources */,
				2B34FB73275A529B00CEA639 /* BinaryDiagnostic.swift in Sources */,
				2BA8EF42275DE11F0001D393 /* Lanternfish.swift in Sources */,
				2B9895CA2757D5260050B02A /* AdventOfCode2021App.swift in Sources */,
			);
			runOnlyForDeploymentPostprocessing = 0;
		};
		2B9895D22757D5270050B02A /* Sources */ = {
			isa = PBXSourcesBuildPhase;
			buildActionMask = 2147483647;
			files = (
				2B29BCAF27626B66007E54DE /* Day09Input.swift in Sources */,
				2B9895DB2757D5270050B02A /* Day1.swift in Sources */,
				2B29BCB727634B18007E54DE /* Dau10Input.swift in Sources */,
				2B29BCAD27626B55007E54DE /* Day09.swift in Sources */,
				2B7715802761017E00014580 /* Day08Input.swift in Sources */,
				2B29BCB927634B20007E54DE /* Day10.swift in Sources */,
				2B34FB76275A52CB00CEA639 /* Day3.swift in Sources */,
				2B34FB6C2759322C00CEA639 /* Day2.swift in Sources */,
				2BF3B16A2764D125005680FD /* Day11.swift in Sources */,
				2BA8EF45275DE5670001D393 /* Day6.swift in Sources */,
				2B34FB78275A52E200CEA639 /* InputDay3.swift in Sources */,
				2B6862A7275F6D8300487B15 /* Day07.swift in Sources */,
				2BF3B1652764D0C5005680FD /* Day11Input.swift in Sources */,
				2BA8EF3A275C9A760001D393 /* Day05Input.swift in Sources */,
				2BA8EF47275DE5730001D393 /* Day6Input.swift in Sources */,
				2B77157E2761014B00014580 /* Day08.swift in Sources */,
				2B34FB84275B454900CEA639 /* InputDay4.swift in Sources */,
				2BA8EF38275C9A550001D393 /* Day05.swift in Sources */,
				2B34FB6E2759323600CEA639 /* InputDay2.swift in Sources */,
				2B9895F62757D67C0050B02A /* InputDay1.swift in Sources */,
				2B34FB89275B524300CEA639 /* Day4.swift in Sources */,
				2B6862A2275F6C2600487B15 /* Day7Input.swift in Sources */,
			);
			runOnlyForDeploymentPostprocessing = 0;
		};
/* End PBXSourcesBuildPhase section */

/* Begin PBXTargetDependency section */
		2B9895D82757D5270050B02A /* PBXTargetDependency */ = {
			isa = PBXTargetDependency;
			target = 2B9895C52757D5260050B02A /* AdventOfCode2021 */;
			targetProxy = 2B9895D72757D5270050B02A /* PBXContainerItemProxy */;
		};
/* End PBXTargetDependency section */

/* Begin XCBuildConfiguration section */
		2B9895E82757D5270050B02A /* Debug */ = {
			isa = XCBuildConfiguration;
			buildSettings = {
				ALWAYS_SEARCH_USER_PATHS = NO;
				CLANG_ANALYZER_NONNULL = YES;
				CLANG_ANALYZER_NUMBER_OBJECT_CONVERSION = YES_AGGRESSIVE;
				CLANG_CXX_LANGUAGE_STANDARD = "gnu++17";
				CLANG_CXX_LIBRARY = "libc++";
				CLANG_ENABLE_MODULES = YES;
				CLANG_ENABLE_OBJC_ARC = YES;
				CLANG_ENABLE_OBJC_WEAK = YES;
				CLANG_WARN_BLOCK_CAPTURE_AUTORELEASING = YES;
				CLANG_WARN_BOOL_CONVERSION = YES;
				CLANG_WARN_COMMA = YES;
				CLANG_WARN_CONSTANT_CONVERSION = YES;
				CLANG_WARN_DEPRECATED_OBJC_IMPLEMENTATIONS = YES;
				CLANG_WARN_DIRECT_OBJC_ISA_USAGE = YES_ERROR;
				CLANG_WARN_DOCUMENTATION_COMMENTS = YES;
				CLANG_WARN_EMPTY_BODY = YES;
				CLANG_WARN_ENUM_CONVERSION = YES;
				CLANG_WARN_INFINITE_RECURSION = YES;
				CLANG_WARN_INT_CONVERSION = YES;
				CLANG_WARN_NON_LITERAL_NULL_CONVERSION = YES;
				CLANG_WARN_OBJC_IMPLICIT_RETAIN_SELF = YES;
				CLANG_WARN_OBJC_LITERAL_CONVERSION = YES;
				CLANG_WARN_OBJC_ROOT_CLASS = YES_ERROR;
				CLANG_WARN_QUOTED_INCLUDE_IN_FRAMEWORK_HEADER = YES;
				CLANG_WARN_RANGE_LOOP_ANALYSIS = YES;
				CLANG_WARN_STRICT_PROTOTYPES = YES;
				CLANG_WARN_SUSPICIOUS_MOVE = YES;
				CLANG_WARN_UNGUARDED_AVAILABILITY = YES_AGGRESSIVE;
				CLANG_WARN_UNREACHABLE_CODE = YES;
				CLANG_WARN__DUPLICATE_METHOD_MATCH = YES;
				COPY_PHASE_STRIP = NO;
				DEBUG_INFORMATION_FORMAT = dwarf;
				ENABLE_STRICT_OBJC_MSGSEND = YES;
				ENABLE_TESTABILITY = YES;
				GCC_C_LANGUAGE_STANDARD = gnu11;
				GCC_DYNAMIC_NO_PIC = NO;
				GCC_NO_COMMON_BLOCKS = YES;
				GCC_OPTIMIZATION_LEVEL = 0;
				GCC_PREPROCESSOR_DEFINITIONS = (
					"DEBUG=1",
					"$(inherited)",
				);
				GCC_WARN_64_TO_32_BIT_CONVERSION = YES;
				GCC_WARN_ABOUT_RETURN_TYPE = YES_ERROR;
				GCC_WARN_UNDECLARED_SELECTOR = YES;
				GCC_WARN_UNINITIALIZED_AUTOS = YES_AGGRESSIVE;
				GCC_WARN_UNUSED_FUNCTION = YES;
				GCC_WARN_UNUSED_VARIABLE = YES;
				IPHONEOS_DEPLOYMENT_TARGET = 15.0;
				MTL_ENABLE_DEBUG_INFO = INCLUDE_SOURCE;
				MTL_FAST_MATH = YES;
				ONLY_ACTIVE_ARCH = YES;
				SDKROOT = iphoneos;
				SWIFT_ACTIVE_COMPILATION_CONDITIONS = DEBUG;
				SWIFT_OPTIMIZATION_LEVEL = "-Onone";
			};
			name = Debug;
		};
		2B9895E92757D5270050B02A /* Release */ = {
			isa = XCBuildConfiguration;
			buildSettings = {
				ALWAYS_SEARCH_USER_PATHS = NO;
				CLANG_ANALYZER_NONNULL = YES;
				CLANG_ANALYZER_NUMBER_OBJECT_CONVERSION = YES_AGGRESSIVE;
				CLANG_CXX_LANGUAGE_STANDARD = "gnu++17";
				CLANG_CXX_LIBRARY = "libc++";
				CLANG_ENABLE_MODULES = YES;
				CLANG_ENABLE_OBJC_ARC = YES;
				CLANG_ENABLE_OBJC_WEAK = YES;
				CLANG_WARN_BLOCK_CAPTURE_AUTORELEASING = YES;
				CLANG_WARN_BOOL_CONVERSION = YES;
				CLANG_WARN_COMMA = YES;
				CLANG_WARN_CONSTANT_CONVERSION = YES;
				CLANG_WARN_DEPRECATED_OBJC_IMPLEMENTATIONS = YES;
				CLANG_WARN_DIRECT_OBJC_ISA_USAGE = YES_ERROR;
				CLANG_WARN_DOCUMENTATION_COMMENTS = YES;
				CLANG_WARN_EMPTY_BODY = YES;
				CLANG_WARN_ENUM_CONVERSION = YES;
				CLANG_WARN_INFINITE_RECURSION = YES;
				CLANG_WARN_INT_CONVERSION = YES;
				CLANG_WARN_NON_LITERAL_NULL_CONVERSION = YES;
				CLANG_WARN_OBJC_IMPLICIT_RETAIN_SELF = YES;
				CLANG_WARN_OBJC_LITERAL_CONVERSION = YES;
				CLANG_WARN_OBJC_ROOT_CLASS = YES_ERROR;
				CLANG_WARN_QUOTED_INCLUDE_IN_FRAMEWORK_HEADER = YES;
				CLANG_WARN_RANGE_LOOP_ANALYSIS = YES;
				CLANG_WARN_STRICT_PROTOTYPES = YES;
				CLANG_WARN_SUSPICIOUS_MOVE = YES;
				CLANG_WARN_UNGUARDED_AVAILABILITY = YES_AGGRESSIVE;
				CLANG_WARN_UNREACHABLE_CODE = YES;
				CLANG_WARN__DUPLICATE_METHOD_MATCH = YES;
				COPY_PHASE_STRIP = NO;
				DEBUG_INFORMATION_FORMAT = "dwarf-with-dsym";
				ENABLE_NS_ASSERTIONS = NO;
				ENABLE_STRICT_OBJC_MSGSEND = YES;
				GCC_C_LANGUAGE_STANDARD = gnu11;
				GCC_NO_COMMON_BLOCKS = YES;
				GCC_WARN_64_TO_32_BIT_CONVERSION = YES;
				GCC_WARN_ABOUT_RETURN_TYPE = YES_ERROR;
				GCC_WARN_UNDECLARED_SELECTOR = YES;
				GCC_WARN_UNINITIALIZED_AUTOS = YES_AGGRESSIVE;
				GCC_WARN_UNUSED_FUNCTION = YES;
				GCC_WARN_UNUSED_VARIABLE = YES;
				IPHONEOS_DEPLOYMENT_TARGET = 15.0;
				MTL_ENABLE_DEBUG_INFO = NO;
				MTL_FAST_MATH = YES;
				SDKROOT = iphoneos;
				SWIFT_COMPILATION_MODE = wholemodule;
				SWIFT_OPTIMIZATION_LEVEL = "-O";
				VALIDATE_PRODUCT = YES;
			};
			name = Release;
		};
		2B9895EB2757D5270050B02A /* Debug */ = {
			isa = XCBuildConfiguration;
			buildSettings = {
				ASSETCATALOG_COMPILER_APPICON_NAME = AppIcon;
				ASSETCATALOG_COMPILER_GLOBAL_ACCENT_COLOR_NAME = AccentColor;
				CODE_SIGN_STYLE = Automatic;
				CURRENT_PROJECT_VERSION = 1;
				DEVELOPMENT_ASSET_PATHS = "\"AdventOfCode2021/Preview Content\"";
				DEVELOPMENT_TEAM = KHMFLK7HD9;
				ENABLE_PREVIEWS = YES;
				GENERATE_INFOPLIST_FILE = YES;
				INFOPLIST_KEY_UIApplicationSceneManifest_Generation = YES;
				INFOPLIST_KEY_UIApplicationSupportsIndirectInputEvents = YES;
				INFOPLIST_KEY_UILaunchScreen_Generation = YES;
				INFOPLIST_KEY_UISupportedInterfaceOrientations_iPad = "UIInterfaceOrientationPortrait UIInterfaceOrientationPortraitUpsideDown UIInterfaceOrientationLandscapeLeft UIInterfaceOrientationLandscapeRight";
				INFOPLIST_KEY_UISupportedInterfaceOrientations_iPhone = "UIInterfaceOrientationPortrait UIInterfaceOrientationLandscapeLeft UIInterfaceOrientationLandscapeRight";
				LD_RUNPATH_SEARCH_PATHS = (
					"$(inherited)",
					"@executable_path/Frameworks",
				);
				MARKETING_VERSION = 1.0;
				PRODUCT_BUNDLE_IDENTIFIER = ssss.AdventOfCode2021;
				PRODUCT_NAME = "$(TARGET_NAME)";
				SWIFT_EMIT_LOC_STRINGS = YES;
				SWIFT_VERSION = 5.0;
				TARGETED_DEVICE_FAMILY = "1,2";
			};
			name = Debug;
		};
		2B9895EC2757D5270050B02A /* Release */ = {
			isa = XCBuildConfiguration;
			buildSettings = {
				ASSETCATALOG_COMPILER_APPICON_NAME = AppIcon;
				ASSETCATALOG_COMPILER_GLOBAL_ACCENT_COLOR_NAME = AccentColor;
				CODE_SIGN_STYLE = Automatic;
				CURRENT_PROJECT_VERSION = 1;
				DEVELOPMENT_ASSET_PATHS = "\"AdventOfCode2021/Preview Content\"";
				DEVELOPMENT_TEAM = KHMFLK7HD9;
				ENABLE_PREVIEWS = YES;
				GENERATE_INFOPLIST_FILE = YES;
				INFOPLIST_KEY_UIApplicationSceneManifest_Generation = YES;
				INFOPLIST_KEY_UIApplicationSupportsIndirectInputEvents = YES;
				INFOPLIST_KEY_UILaunchScreen_Generation = YES;
				INFOPLIST_KEY_UISupportedInterfaceOrientations_iPad = "UIInterfaceOrientationPortrait UIInterfaceOrientationPortraitUpsideDown UIInterfaceOrientationLandscapeLeft UIInterfaceOrientationLandscapeRight";
				INFOPLIST_KEY_UISupportedInterfaceOrientations_iPhone = "UIInterfaceOrientationPortrait UIInterfaceOrientationLandscapeLeft UIInterfaceOrientationLandscapeRight";
				LD_RUNPATH_SEARCH_PATHS = (
					"$(inherited)",
					"@executable_path/Frameworks",
				);
				MARKETING_VERSION = 1.0;
				PRODUCT_BUNDLE_IDENTIFIER = ssss.AdventOfCode2021;
				PRODUCT_NAME = "$(TARGET_NAME)";
				SWIFT_EMIT_LOC_STRINGS = YES;
				SWIFT_VERSION = 5.0;
				TARGETED_DEVICE_FAMILY = "1,2";
			};
			name = Release;
		};
		2B9895EE2757D5270050B02A /* Debug */ = {
			isa = XCBuildConfiguration;
			buildSettings = {
				ALWAYS_EMBED_SWIFT_STANDARD_LIBRARIES = YES;
				BUNDLE_LOADER = "$(TEST_HOST)";
				CODE_SIGN_STYLE = Automatic;
				CURRENT_PROJECT_VERSION = 1;
				DEVELOPMENT_TEAM = KHMFLK7HD9;
				GENERATE_INFOPLIST_FILE = YES;
				IPHONEOS_DEPLOYMENT_TARGET = 15.0;
				LD_RUNPATH_SEARCH_PATHS = (
					"$(inherited)",
					"@executable_path/Frameworks",
					"@loader_path/Frameworks",
				);
				MARKETING_VERSION = 1.0;
				PRODUCT_BUNDLE_IDENTIFIER = ssss.AdventOfCode2021Tests;
				PRODUCT_NAME = "$(TARGET_NAME)";
				SWIFT_EMIT_LOC_STRINGS = NO;
				SWIFT_VERSION = 5.0;
				TARGETED_DEVICE_FAMILY = "1,2";
				TEST_HOST = "$(BUILT_PRODUCTS_DIR)/AdventOfCode2021.app/AdventOfCode2021";
			};
			name = Debug;
		};
		2B9895EF2757D5270050B02A /* Release */ = {
			isa = XCBuildConfiguration;
			buildSettings = {
				ALWAYS_EMBED_SWIFT_STANDARD_LIBRARIES = YES;
				BUNDLE_LOADER = "$(TEST_HOST)";
				CODE_SIGN_STYLE = Automatic;
				CURRENT_PROJECT_VERSION = 1;
				DEVELOPMENT_TEAM = KHMFLK7HD9;
				GENERATE_INFOPLIST_FILE = YES;
				IPHONEOS_DEPLOYMENT_TARGET = 15.0;
				LD_RUNPATH_SEARCH_PATHS = (
					"$(inherited)",
					"@executable_path/Frameworks",
					"@loader_path/Frameworks",
				);
				MARKETING_VERSION = 1.0;
				PRODUCT_BUNDLE_IDENTIFIER = ssss.AdventOfCode2021Tests;
				PRODUCT_NAME = "$(TARGET_NAME)";
				SWIFT_EMIT_LOC_STRINGS = NO;
				SWIFT_VERSION = 5.0;
				TARGETED_DEVICE_FAMILY = "1,2";
				TEST_HOST = "$(BUILT_PRODUCTS_DIR)/AdventOfCode2021.app/AdventOfCode2021";
			};
			name = Release;
		};
/* End XCBuildConfiguration section */

/* Begin XCConfigurationList section */
		2B9895C12757D5260050B02A /* Build configuration list for PBXProject "AdventOfCode2021" */ = {
			isa = XCConfigurationList;
			buildConfigurations = (
				2B9895E82757D5270050B02A /* Debug */,
				2B9895E92757D5270050B02A /* Release */,
			);
			defaultConfigurationIsVisible = 0;
			defaultConfigurationName = Release;
		};
		2B9895EA2757D5270050B02A /* Build configuration list for PBXNativeTarget "AdventOfCode2021" */ = {
			isa = XCConfigurationList;
			buildConfigurations = (
				2B9895EB2757D5270050B02A /* Debug */,
				2B9895EC2757D5270050B02A /* Release */,
			);
			defaultConfigurationIsVisible = 0;
			defaultConfigurationName = Release;
		};
		2B9895ED2757D5270050B02A /* Build configuration list for PBXNativeTarget "AdventOfCode2021Tests" */ = {
			isa = XCConfigurationList;
			buildConfigurations = (
				2B9895EE2757D5270050B02A /* Debug */,
				2B9895EF2757D5270050B02A /* Release */,
			);
			defaultConfigurationIsVisible = 0;
			defaultConfigurationName = Release;
		};
/* End XCConfigurationList section */
	};
	rootObject = 2B9895BE2757D5260050B02A /* Project object */;
}
